
Microsoft Visual Studio Solution File, Format Version 12.00
# Visual Studio Version 16
VisualStudioVersion = 16.0.30907.101
MinimumVisualStudioVersion = 10.0.40219.1
Project("{F184B08F-C81C-45F6-A57F-5ABD9991F28F}") = "Stadia Tiles", "Stadia Tiles\Stadia Tiles.vbproj", "{789B61D8-18D6-421B-8753-0697FBF98576}"
EndProject
Global
	GlobalSection(SolutionConfigurationPlatforms) = preSolution
		Debug|ARM = Debug|ARM
		Debug|ARM64 = Debug|ARM64
		Debug|x64 = Debug|x64
		Debug|x86 = Debug|x86
		Release|ARM = Release|ARM
		Release|ARM64 = Release|ARM64
		Release|x64 = Release|x64
		Release|x86 = Release|x86
	EndGlobalSection
	GlobalSection(ProjectConfigurationPlatforms) = postSolution
		{789B61D8-18D6-421B-8753-0697FBF98576}.Debug|ARM.ActiveCfg = Debug|ARM
		{789B61D8-18D6-421B-8753-0697FBF98576}.Debug|ARM.Build.0 = Debug|ARM
		{789B61D8-18D6-421B-8753-0697FBF98576}.Debug|ARM.Deploy.0 = Debug|ARM
		{789B61D8-18D6-421B-8753-0697FBF98576}.Debug|ARM64.ActiveCfg = Debug|ARM64
		{789B61D8-18D6-421B-8753-0697FBF98576}.Debug|ARM64.Build.0 = Debug|ARM64
		{789B61D8-18D6-421B-8753-0697FBF98576}.Debug|ARM64.Deploy.0 = Debug|ARM64
		{789B61D8-18D6-421B-8753-0697FBF98576}.Debug|x64.ActiveCfg = Debug|x64
		{789B61D8-18D6-421B-8753-0697FBF98576}.Debug|x64.Build.0 = Debug|x64
		{789B61D8-18D6-421B-8753-0697FBF98576}.Debug|x64.Deploy.0 = Debug|x64
		{789B61D8-18D6-421B-8753-0697FBF98576}.Debug|x86.ActiveCfg = Debug|x86
		{789B61D8-18D6-421B-8753-0697FBF98576}.Debug|x86.Build.0 = Debug|x86
		{789B61D8-18D6-421B-8753-0697FBF98576}.Debug|x86.Deploy.0 = Debug|x86
		{789B61D8-18D6-421B-8753-0697FBF98576}.Release|ARM.ActiveCfg = Release|ARM
		{789B61D8-18D6-421B-8753-0697FBF98576}.Release|ARM.Build.0 = Release|ARM
		{789B61D8-18D6-421B-8753-0697FBF98576}.Release|ARM.Deploy.0 = Release|ARM
		{789B61D8-18D6-421B-8753-0697FBF98576}.Release|ARM64.ActiveCfg = Release|ARM64
		{789B61D8-18D6-421B-8753-0697FBF98576}.Release|ARM64.Build.0 = Release|ARM64
		{789B61D8-18D6-421B-8753-0697FBF98576}.Release|ARM64.Deploy.0 = Release|ARM64
		{789B61D8-18D6-421B-8753-0697FBF98576}.Release|x64.ActiveCfg = Release|x64
		{789B61D8-18D6-421B-8753-0697FBF98576}.Release|x64.Build.0 = Release|x64
		{789B61D8-18D6-421B-8753-0697FBF98576}.Release|x64.Deploy.0 = Release|x64
		{789B61D8-18D6-421B-8753-0697FBF98576}.Release|x86.ActiveCfg = Release|x86
		{789B61D8-18D6-421B-8753-0697FBF98576}.Release|x86.Build.0 = Release|x86
		{789B61D8-18D6-421B-8753-0697FBF98576}.Release|x86.Deploy.0 = Release|x86
	EndGlobalSection
	GlobalSection(SolutionProperties) = preSolution
		HideSolutionNode = FALSE
	EndGlobalSection
	GlobalSection(ExtensibilityGlobals) = postSolution
		SolutionGuid = {F4D6B45F-9990-458E-B87F-CF235674BA82}
	EndGlobalSection
EndGlobal
